
Microsoft Visual Studio Solution File, Format Version 12.00
# Visual Studio 14
VisualStudioVersion = 14.0.25420.1
MinimumVisualStudioVersion = 10.0.40219.1
Project("{FAE04EC0-301F-11D3-BF4B-00C04F79EFBC}") = "Colors", "Colors\Colors.csproj", "{C5C93421-FC92-45AF-AE8C-403575A31557}"
EndProject
Project("{FAE04EC0-301F-11D3-BF4B-00C04F79EFBC}") = "ProgressBar", "ProgressBar\ProgressBar.csproj", "{DC7AA947-160D-4BA8-B0A2-64A8763BFEEF}"
EndProject
Project("{FAE04EC0-301F-11D3-BF4B-00C04F79EFBC}") = "PictureBox", "PictureBox\PictureBox.csproj", "{4E1A8853-692B-41B6-8449-4350DD630E33}"
EndProject
Project("{FAE04EC0-301F-11D3-BF4B-00C04F79EFBC}") = "ButtonsMatrix", "ButtonsMatrix\ButtonsMatrix.csproj", "{F306DDE6-A514-40D0-9CDB-A8A6A7092F02}"
EndProject
Global
	GlobalSection(SolutionConfigurationPlatforms) = preSolution
		Debug|Any CPU = Debug|Any CPU
		Release|Any CPU = Release|Any CPU
	EndGlobalSection
	GlobalSection(ProjectConfigurationPlatforms) = postSolution
		{C5C93421-FC92-45AF-AE8C-403575A31557}.Debug|Any CPU.ActiveCfg = Debug|Any CPU
		{C5C93421-FC92-45AF-AE8C-403575A31557}.Debug|Any CPU.Build.0 = Debug|Any CPU
		{C5C93421-FC92-45AF-AE8C-403575A31557}.Release|Any CPU.ActiveCfg = Release|Any CPU
		{C5C93421-FC92-45AF-AE8C-403575A31557}.Release|Any CPU.Build.0 = Release|Any CPU
		{DC7AA947-160D-4BA8-B0A2-64A8763BFEEF}.Debug|Any CPU.ActiveCfg = Debug|Any CPU
		{DC7AA947-160D-4BA8-B0A2-64A8763BFEEF}.Debug|Any CPU.Build.0 = Debug|Any CPU
		{DC7AA947-160D-4BA8-B0A2-64A8763BFEEF}.Release|Any CPU.ActiveCfg = Release|Any CPU
		{DC7AA947-160D-4BA8-B0A2-64A8763BFEEF}.Release|Any CPU.Build.0 = Release|Any CPU
		{4E1A8853-692B-41B6-8449-4350DD630E33}.Debug|Any CPU.ActiveCfg = Debug|Any CPU
		{4E1A8853-692B-41B6-8449-4350DD630E33}.Debug|Any CPU.Build.0 = Debug|Any CPU
		{4E1A8853-692B-41B6-8449-4350DD630E33}.Release|Any CPU.ActiveCfg = Release|Any CPU
		{4E1A8853-692B-41B6-8449-4350DD630E33}.Release|Any CPU.Build.0 = Release|Any CPU
		{F306DDE6-A514-40D0-9CDB-A8A6A7092F02}.Debug|Any CPU.ActiveCfg = Debug|Any CPU
		{F306DDE6-A514-40D0-9CDB-A8A6A7092F02}.Debug|Any CPU.Build.0 = Debug|Any CPU
		{F306DDE6-A514-40D0-9CDB-A8A6A7092F02}.Release|Any CPU.ActiveCfg = Release|Any CPU
		{F306DDE6-A514-40D0-9CDB-A8A6A7092F02}.Release|Any CPU.Build.0 = Release|Any CPU
	EndGlobalSection
	GlobalSection(SolutionProperties) = preSolution
		HideSolutionNode = FALSE
	EndGlobalSection
EndGlobal
